
Microsoft Visual Studio Solution File, Format Version 12.00
Project("{2150E333-8FDC-42A3-9474-1A3956D46DE8}") = "src", "src", "{81C9BC7E-91B9-43AD-A807-18D9B3127371}"
EndProject
Project("{2150E333-8FDC-42A3-9474-1A3956D46DE8}") = "tests", "tests", "{A6507F72-F0E6-492A-8348-42D057715EEB}"
EndProject
Project("{FAE04EC0-301F-11D3-BF4B-00C04F79EFBC}") = "ICMarkets.Api", "ICMarkets.Api\ICMarkets.Api.csproj", "{33FEAECC-577A-490D-A76A-0D684C84DE93}"
EndProject
Project("{FAE04EC0-301F-11D3-BF4B-00C04F79EFBC}") = "ICMarkets.Domain", "ICMarkets.Domain\ICMarkets.Domain.csproj", "{E9B71EFE-3E23-473B-BA6B-0F4B960501DB}"
EndProject
Project("{FAE04EC0-301F-11D3-BF4B-00C04F79EFBC}") = "ICMarkets.Application", "ICMarkets.Application\ICMarkets.Application.csproj", "{D49989B8-E752-484E-B0BA-FC0BE5D01D46}"
EndProject
Project("{FAE04EC0-301F-11D3-BF4B-00C04F79EFBC}") = "ICMarkets.Infrastructure", "ICMarkets.Infrastructure\ICMarkets.Infrastructure.csproj", "{72A89F96-B6F2-4335-8BC2-BA434BE8D4A6}"
EndProject
Project("{FAE04EC0-301F-11D3-BF4B-00C04F79EFBC}") = "ICMarkets.FunctionalTests", "ICMarkets.FunctionalTests\ICMarkets.FunctionalTests.csproj", "{EDD742F3-9C0F-4EB7-8BA9-2CFEEBE643EA}"
EndProject
Project("{FAE04EC0-301F-11D3-BF4B-00C04F79EFBC}") = "ICMarkets.IntegrationTests", "ICMarkets.IntegrationTests\ICMarkets.IntegrationTests.csproj", "{1E3FDDCD-3142-4AC6-8370-DE11F5C194DB}"
EndProject
Project("{FAE04EC0-301F-11D3-BF4B-00C04F79EFBC}") = "ICMarkets.UnitTests", "ICMarkets.UnitTests\ICMarkets.UnitTests.csproj", "{39F39ABE-C688-4CB2-A303-C8EAA56005D7}"
EndProject
Global
	GlobalSection(SolutionConfigurationPlatforms) = preSolution
		Debug|Any CPU = Debug|Any CPU
		Release|Any CPU = Release|Any CPU
	EndGlobalSection
	GlobalSection(NestedProjects) = preSolution
		{33FEAECC-577A-490D-A76A-0D684C84DE93} = {81C9BC7E-91B9-43AD-A807-18D9B3127371}
		{E9B71EFE-3E23-473B-BA6B-0F4B960501DB} = {81C9BC7E-91B9-43AD-A807-18D9B3127371}
		{D49989B8-E752-484E-B0BA-FC0BE5D01D46} = {81C9BC7E-91B9-43AD-A807-18D9B3127371}
		{72A89F96-B6F2-4335-8BC2-BA434BE8D4A6} = {81C9BC7E-91B9-43AD-A807-18D9B3127371}
		{EDD742F3-9C0F-4EB7-8BA9-2CFEEBE643EA} = {A6507F72-F0E6-492A-8348-42D057715EEB}
		{1E3FDDCD-3142-4AC6-8370-DE11F5C194DB} = {A6507F72-F0E6-492A-8348-42D057715EEB}
		{39F39ABE-C688-4CB2-A303-C8EAA56005D7} = {A6507F72-F0E6-492A-8348-42D057715EEB}
	EndGlobalSection
	GlobalSection(ProjectConfigurationPlatforms) = postSolution
		{33FEAECC-577A-490D-A76A-0D684C84DE93}.Debug|Any CPU.ActiveCfg = Debug|Any CPU
		{33FEAECC-577A-490D-A76A-0D684C84DE93}.Debug|Any CPU.Build.0 = Debug|Any CPU
		{33FEAECC-577A-490D-A76A-0D684C84DE93}.Release|Any CPU.ActiveCfg = Release|Any CPU
		{33FEAECC-577A-490D-A76A-0D684C84DE93}.Release|Any CPU.Build.0 = Release|Any CPU
		{E9B71EFE-3E23-473B-BA6B-0F4B960501DB}.Debug|Any CPU.ActiveCfg = Debug|Any CPU
		{E9B71EFE-3E23-473B-BA6B-0F4B960501DB}.Debug|Any CPU.Build.0 = Debug|Any CPU
		{E9B71EFE-3E23-473B-BA6B-0F4B960501DB}.Release|Any CPU.ActiveCfg = Release|Any CPU
		{E9B71EFE-3E23-473B-BA6B-0F4B960501DB}.Release|Any CPU.Build.0 = Release|Any CPU
		{D49989B8-E752-484E-B0BA-FC0BE5D01D46}.Debug|Any CPU.ActiveCfg = Debug|Any CPU
		{D49989B8-E752-484E-B0BA-FC0BE5D01D46}.Debug|Any CPU.Build.0 = Debug|Any CPU
		{D49989B8-E752-484E-B0BA-FC0BE5D01D46}.Release|Any CPU.ActiveCfg = Release|Any CPU
		{D49989B8-E752-484E-B0BA-FC0BE5D01D46}.Release|Any CPU.Build.0 = Release|Any CPU
		{72A89F96-B6F2-4335-8BC2-BA434BE8D4A6}.Debug|Any CPU.ActiveCfg = Debug|Any CPU
		{72A89F96-B6F2-4335-8BC2-BA434BE8D4A6}.Debug|Any CPU.Build.0 = Debug|Any CPU
		{72A89F96-B6F2-4335-8BC2-BA434BE8D4A6}.Release|Any CPU.ActiveCfg = Release|Any CPU
		{72A89F96-B6F2-4335-8BC2-BA434BE8D4A6}.Release|Any CPU.Build.0 = Release|Any CPU
		{EDD742F3-9C0F-4EB7-8BA9-2CFEEBE643EA}.Debug|Any CPU.ActiveCfg = Debug|Any CPU
		{EDD742F3-9C0F-4EB7-8BA9-2CFEEBE643EA}.Debug|Any CPU.Build.0 = Debug|Any CPU
		{EDD742F3-9C0F-4EB7-8BA9-2CFEEBE643EA}.Release|Any CPU.ActiveCfg = Release|Any CPU
		{EDD742F3-9C0F-4EB7-8BA9-2CFEEBE643EA}.Release|Any CPU.Build.0 = Release|Any CPU
		{1E3FDDCD-3142-4AC6-8370-DE11F5C194DB}.Debug|Any CPU.ActiveCfg = Debug|Any CPU
		{1E3FDDCD-3142-4AC6-8370-DE11F5C194DB}.Debug|Any CPU.Build.0 = Debug|Any CPU
		{1E3FDDCD-3142-4AC6-8370-DE11F5C194DB}.Release|Any CPU.ActiveCfg = Release|Any CPU
		{1E3FDDCD-3142-4AC6-8370-DE11F5C194DB}.Release|Any CPU.Build.0 = Release|Any CPU
		{39F39ABE-C688-4CB2-A303-C8EAA56005D7}.Debug|Any CPU.ActiveCfg = Debug|Any CPU
		{39F39ABE-C688-4CB2-A303-C8EAA56005D7}.Debug|Any CPU.Build.0 = Debug|Any CPU
		{39F39ABE-C688-4CB2-A303-C8EAA56005D7}.Release|Any CPU.ActiveCfg = Release|Any CPU
		{39F39ABE-C688-4CB2-A303-C8EAA56005D7}.Release|Any CPU.Build.0 = Release|Any CPU
	EndGlobalSection
EndGlobal
